// !$*UTF8*$!
{
	archiveVersion = 1;
	classes = {
	};
	objectVersion = 51;
	objects = {

/* Begin PBXBuildFile section */
		370EF1FB24F19B72001D4026 /* LoginViewController.swift in Sources */ = {isa = PBXBuildFile; fileRef = 370EF1FA24F19B72001D4026 /* LoginViewController.swift */; };
		370EF1FD24F19B87001D4026 /* RegisterViewController.swift in Sources */ = {isa = PBXBuildFile; fileRef = 370EF1FC24F19B87001D4026 /* RegisterViewController.swift */; };
		370EF1FF24F19BB5001D4026 /* PhotoViwerViewController.swift in Sources */ = {isa = PBXBuildFile; fileRef = 370EF1FE24F19BB5001D4026 /* PhotoViwerViewController.swift */; };
		370EF20124F19BCE001D4026 /* VideoPlayerViewController.swift in Sources */ = {isa = PBXBuildFile; fileRef = 370EF20024F19BCE001D4026 /* VideoPlayerViewController.swift */; };
		370EF20324F19C00001D4026 /* NewConversationViewController.swift in Sources */ = {isa = PBXBuildFile; fileRef = 370EF20224F19C00001D4026 /* NewConversationViewController.swift */; };
		370EF20524F19C26001D4026 /* ProfileViewController.swift in Sources */ = {isa = PBXBuildFile; fileRef = 370EF20424F19C26001D4026 /* ProfileViewController.swift */; };
		3720B9B224F6F885002D4A45 /* ConversationTableViewCell.swift in Sources */ = {isa = PBXBuildFile; fileRef = 3720B9B124F6F885002D4A45 /* ConversationTableViewCell.swift */; };
		3796F8AA24F2B61B005DB588 /* GoogleService-Info.plist in Resources */ = {isa = PBXBuildFile; fileRef = 3796F8A924F2B61A005DB588 /* GoogleService-Info.plist */; };
		37ACD64124F312EB00C73FDD /* DatabaseManager.swift in Sources */ = {isa = PBXBuildFile; fileRef = 37ACD64024F312EB00C73FDD /* DatabaseManager.swift */; };
		37ACD64324F38AB000C73FDD /* ChatViewController.swift in Sources */ = {isa = PBXBuildFile; fileRef = 37ACD64224F38AB000C73FDD /* ChatViewController.swift */; };
		37ACD64524F3C91C00C73FDD /* StorageManager.swift in Sources */ = {isa = PBXBuildFile; fileRef = 37ACD64424F3C91C00C73FDD /* StorageManager.swift */; };
		37ADB14024F197F800D2FE21 /* AppDelegate.swift in Sources */ = {isa = PBXBuildFile; fileRef = 37ADB13F24F197F800D2FE21 /* AppDelegate.swift */; };
		37ADB14224F197F800D2FE21 /* SceneDelegate.swift in Sources */ = {isa = PBXBuildFile; fileRef = 37ADB14124F197F800D2FE21 /* SceneDelegate.swift */; };
		37ADB14424F197F800D2FE21 /* ConversationsController.swift in Sources */ = {isa = PBXBuildFile; fileRef = 37ADB14324F197F800D2FE21 /* ConversationsController.swift */; };
		37ADB14724F197F800D2FE21 /* Main.storyboard in Resources */ = {isa = PBXBuildFile; fileRef = 37ADB14524F197F800D2FE21 /* Main.storyboard */; };
		37ADB14924F197F900D2FE21 /* Assets.xcassets in Resources */ = {isa = PBXBuildFile; fileRef = 37ADB14824F197F900D2FE21 /* Assets.xcassets */; };
		37ADB14C24F197F900D2FE21 /* LaunchScreen.storyboard in Resources */ = {isa = PBXBuildFile; fileRef = 37ADB14A24F197F900D2FE21 /* LaunchScreen.storyboard */; };
		37DF0EF624F1AD260042A692 /* Extensions.swift in Sources */ = {isa = PBXBuildFile; fileRef = 37DF0EF524F1AD260042A692 /* Extensions.swift */; };
		553AE4F75B0930BAE4B013AA /* Pods_Messenger.framework in Frameworks */ = {isa = PBXBuildFile; fileRef = FC01537DD53C708C86AF0467 /* Pods_Messenger.framework */; };
/* End PBXBuildFile section */

/* Begin PBXFileReference section */
		370EF1FA24F19B72001D4026 /* LoginViewController.swift */ = {isa = PBXFileReference; lastKnownFileType = sourcecode.swift; path = LoginViewController.swift; sourceTree = "<group>"; };
		370EF1FC24F19B87001D4026 /* RegisterViewController.swift */ = {isa = PBXFileReference; lastKnownFileType = sourcecode.swift; path = RegisterViewController.swift; sourceTree = "<group>"; };
		370EF1FE24F19BB5001D4026 /* PhotoViwerViewController.swift */ = {isa = PBXFileReference; lastKnownFileType = sourcecode.swift; path = PhotoViwerViewController.swift; sourceTree = "<group>"; };
		370EF20024F19BCE001D4026 /* VideoPlayerViewController.swift */ = {isa = PBXFileReference; lastKnownFileType = sourcecode.swift; path = VideoPlayerViewController.swift; sourceTree = "<group>"; };
		370EF20224F19C00001D4026 /* NewConversationViewController.swift */ = {isa = PBXFileReference; lastKnownFileType = sourcecode.swift; path = NewConversationViewController.swift; sourceTree = "<group>"; };
		370EF20424F19C26001D4026 /* ProfileViewController.swift */ = {isa = PBXFileReference; lastKnownFileType = sourcecode.swift; path = ProfileViewController.swift; sourceTree = "<group>"; };
		3720B9B124F6F885002D4A45 /* ConversationTableViewCell.swift */ = {isa = PBXFileReference; lastKnownFileType = sourcecode.swift; path = ConversationTableViewCell.swift; sourceTree = "<group>"; };
		3796F8A924F2B61A005DB588 /* GoogleService-Info.plist */ = {isa = PBXFileReference; fileEncoding = 4; lastKnownFileType = text.plist.xml; path = "GoogleService-Info.plist"; sourceTree = "<group>"; };
		37ACD64024F312EB00C73FDD /* DatabaseManager.swift */ = {isa = PBXFileReference; lastKnownFileType = sourcecode.swift; path = DatabaseManager.swift; sourceTree = "<group>"; };
		37ACD64224F38AB000C73FDD /* ChatViewController.swift */ = {isa = PBXFileReference; lastKnownFileType = sourcecode.swift; path = ChatViewController.swift; sourceTree = "<group>"; };
		37ACD64424F3C91C00C73FDD /* StorageManager.swift */ = {isa = PBXFileReference; lastKnownFileType = sourcecode.swift; path = StorageManager.swift; sourceTree = "<group>"; };
		37ADB13C24F197F800D2FE21 /* Messenger.app */ = {isa = PBXFileReference; explicitFileType = wrapper.application; includeInIndex = 0; path = Messenger.app; sourceTree = BUILT_PRODUCTS_DIR; };
		37ADB13F24F197F800D2FE21 /* AppDelegate.swift */ = {isa = PBXFileReference; lastKnownFileType = sourcecode.swift; path = AppDelegate.swift; sourceTree = "<group>"; };
		37ADB14124F197F800D2FE21 /* SceneDelegate.swift */ = {isa = PBXFileReference; lastKnownFileType = sourcecode.swift; path = SceneDelegate.swift; sourceTree = "<group>"; };
		37ADB14324F197F800D2FE21 /* ConversationsController.swift */ = {isa = PBXFileReference; lastKnownFileType = sourcecode.swift; path = ConversationsController.swift; sourceTree = "<group>"; };
		37ADB14624F197F800D2FE21 /* Base */ = {isa = PBXFileReference; lastKnownFileType = file.storyboard; name = Base; path = Base.lproj/Main.storyboard; sourceTree = "<group>"; };
		37ADB14824F197F900D2FE21 /* Assets.xcassets */ = {isa = PBXFileReference; lastKnownFileType = folder.assetcatalog; path = Assets.xcassets; sourceTree = "<group>"; };
		37ADB14B24F197F900D2FE21 /* Base */ = {isa = PBXFileReference; lastKnownFileType = file.storyboard; name = Base; path = Base.lproj/LaunchScreen.storyboard; sourceTree = "<group>"; };
		37ADB14D24F197F900D2FE21 /* Info.plist */ = {isa = PBXFileReference; lastKnownFileType = text.plist.xml; path = Info.plist; sourceTree = "<group>"; };
		37DF0EF524F1AD260042A692 /* Extensions.swift */ = {isa = PBXFileReference; lastKnownFileType = sourcecode.swift; path = Extensions.swift; sourceTree = "<group>"; };
		E658ABFA156AE89DA777F6DD /* Pods-Messenger.debug.xcconfig */ = {isa = PBXFileReference; includeInIndex = 1; lastKnownFileType = text.xcconfig; name = "Pods-Messenger.debug.xcconfig"; path = "Target Support Files/Pods-Messenger/Pods-Messenger.debug.xcconfig"; sourceTree = "<group>"; };
		FC01537DD53C708C86AF0467 /* Pods_Messenger.framework */ = {isa = PBXFileReference; explicitFileType = wrapper.framework; includeInIndex = 0; path = Pods_Messenger.framework; sourceTree = BUILT_PRODUCTS_DIR; };
		FCE6AD07891E5B6317DC8B41 /* Pods-Messenger.release.xcconfig */ = {isa = PBXFileReference; includeInIndex = 1; lastKnownFileType = text.xcconfig; name = "Pods-Messenger.release.xcconfig"; path = "Target Support Files/Pods-Messenger/Pods-Messenger.release.xcconfig"; sourceTree = "<group>"; };
/* End PBXFileReference section */

/* Begin PBXFrameworksBuildPhase section */
		37ADB13924F197F700D2FE21 /* Frameworks */ = {
			isa = PBXFrameworksBuildPhase;
			buildActionMask = 2147483647;
			files = (
				553AE4F75B0930BAE4B013AA /* Pods_Messenger.framework in Frameworks */,
			);
			runOnlyForDeploymentPostprocessing = 0;
		};
/* End PBXFrameworksBuildPhase section */

/* Begin PBXGroup section */
		1CED87042A96ECABF8097E4D /* Frameworks */ = {
			isa = PBXGroup;
			children = (
				FC01537DD53C708C86AF0467 /* Pods_Messenger.framework */,
			);
			name = Frameworks;
			sourceTree = "<group>";
		};
		370EF20624F1A36C001D4026 /* Login */ = {
			isa = PBXGroup;
			children = (
				370EF1FA24F19B72001D4026 /* LoginViewController.swift */,
				370EF1FC24F19B87001D4026 /* RegisterViewController.swift */,
			);
			path = Login;
			sourceTree = "<group>";
		};
		37ADB13324F197F700D2FE21 = {
			isa = PBXGroup;
			children = (
				37ADB13E24F197F800D2FE21 /* Messenger */,
				37ADB13D24F197F800D2FE21 /* Products */,
				6956D7F2F472EB59BA08B4AF /* Pods */,
				1CED87042A96ECABF8097E4D /* Frameworks */,
			);
			sourceTree = "<group>";
		};
		37ADB13D24F197F800D2FE21 /* Products */ = {
			isa = PBXGroup;
			children = (
				37ADB13C24F197F800D2FE21 /* Messenger.app */,
			);
			name = Products;
			sourceTree = "<group>";
		};
		37ADB13E24F197F800D2FE21 /* Messenger */ = {
			isa = PBXGroup;
			children = (
				37ADB15724F199AB00D2FE21 /* Resources */,
				37ADB15524F1998700D2FE21 /* Models */,
				37ADB15424F1997F00D2FE21 /* Views */,
				37ADB15324F1996000D2FE21 /* Controllers */,
				37ADB15624F1999B00D2FE21 /* ViewModels */,
				3796F8A924F2B61A005DB588 /* GoogleService-Info.plist */,
				37ADB14D24F197F900D2FE21 /* Info.plist */,
			);
			path = Messenger;
			sourceTree = "<group>";
		};
		37ADB15324F1996000D2FE21 /* Controllers */ = {
			isa = PBXGroup;
			children = (
				37ADB14324F197F800D2FE21 /* ConversationsController.swift */,
				370EF20624F1A36C001D4026 /* Login */,
				370EF1FE24F19BB5001D4026 /* PhotoViwerViewController.swift */,
				370EF20024F19BCE001D4026 /* VideoPlayerViewController.swift */,
				370EF20224F19C00001D4026 /* NewConversationViewController.swift */,
				370EF20424F19C26001D4026 /* ProfileViewController.swift */,
				37ACD64224F38AB000C73FDD /* ChatViewController.swift */,
			);
			path = Controllers;
			sourceTree = "<group>";
		};
		37ADB15424F1997F00D2FE21 /* Views */ = {
			isa = PBXGroup;
			children = (
				37ADB15824F199EC00D2FE21 /* StoryBoards */,
				37ADB14824F197F900D2FE21 /* Assets.xcassets */,
				3720B9B124F6F885002D4A45 /* ConversationTableViewCell.swift */,
			);
			path = Views;
			sourceTree = "<group>";
		};
		37ADB15524F1998700D2FE21 /* Models */ = {
			isa = PBXGroup;
			children = (
			);
			path = Models;
			sourceTree = "<group>";
		};
		37ADB15624F1999B00D2FE21 /* ViewModels */ = {
			isa = PBXGroup;
			children = (
			);
			path = ViewModels;
			sourceTree = "<group>";
		};
		37ADB15724F199AB00D2FE21 /* Resources */ = {
			isa = PBXGroup;
			children = (
				37ADB13F24F197F800D2FE21 /* AppDelegate.swift */,
				37ADB14124F197F800D2FE21 /* SceneDelegate.swift */,
				37DF0EF524F1AD260042A692 /* Extensions.swift */,
				37ACD64024F312EB00C73FDD /* DatabaseManager.swift */,
				37ACD64424F3C91C00C73FDD /* StorageManager.swift */,
			);
			path = Resources;
			sourceTree = "<group>";
		};
		37ADB15824F199EC00D2FE21 /* StoryBoards */ = {
			isa = PBXGroup;
			children = (
				37ADB14524F197F800D2FE21 /* Main.storyboard */,
				37ADB14A24F197F900D2FE21 /* LaunchScreen.storyboard */,
			);
			path = StoryBoards;
			sourceTree = "<group>";
		};
		6956D7F2F472EB59BA08B4AF /* Pods */ = {
			isa = PBXGroup;
			children = (
				E658ABFA156AE89DA777F6DD /* Pods-Messenger.debug.xcconfig */,
				FCE6AD07891E5B6317DC8B41 /* Pods-Messenger.release.xcconfig */,
			);
			path = Pods;
			sourceTree = "<group>";
		};
/* End PBXGroup section */

/* Begin PBXNativeTarget section */
		37ADB13B24F197F700D2FE21 /* Messenger */ = {
			isa = PBXNativeTarget;
			buildConfigurationList = 37ADB15024F197F900D2FE21 /* Build configuration list for PBXNativeTarget "Messenger" */;
			buildPhases = (
				AE2D6927DDD35519C0385C59 /* [CP] Check Pods Manifest.lock */,
				37ADB13824F197F700D2FE21 /* Sources */,
				37ADB13924F197F700D2FE21 /* Frameworks */,
				37ADB13A24F197F700D2FE21 /* Resources */,
				A22B502FDEFF5617ED113972 /* [CP] Embed Pods Frameworks */,
				B3A7EEBE6CE9FD8CF703961A /* [CP] Copy Pods Resources */,
			);
			buildRules = (
			);
			dependencies = (
			);
			name = Messenger;
			productName = Messenger;
			productReference = 37ADB13C24F197F800D2FE21 /* Messenger.app */;
			productType = "com.apple.product-type.application";
		};
/* End PBXNativeTarget section */

/* Begin PBXProject section */
		37ADB13424F197F700D2FE21 /* Project object */ = {
			isa = PBXProject;
			attributes = {
				LastSwiftUpdateCheck = 1160;
				LastUpgradeCheck = 1160;
				ORGANIZATIONNAME = "Ezequiel Parada";
				TargetAttributes = {
					37ADB13B24F197F700D2FE21 = {
						CreatedOnToolsVersion = 11.6;
					};
				};
			};
			buildConfigurationList = 37ADB13724F197F700D2FE21 /* Build configuration list for PBXProject "Messenger" */;
			compatibilityVersion = "Xcode 9.3";
			developmentRegion = en;
			hasScannedForEncodings = 0;
			knownRegions = (
				en,
				Base,
			);
			mainGroup = 37ADB13324F197F700D2FE21;
			productRefGroup = 37ADB13D24F197F800D2FE21 /* Products */;
			projectDirPath = "";
			projectRoot = "";
			targets = (
				37ADB13B24F197F700D2FE21 /* Messenger */,
			);
		};
/* End PBXProject section */

/* Begin PBXResourcesBuildPhase section */
		37ADB13A24F197F700D2FE21 /* Resources */ = {
			isa = PBXResourcesBuildPhase;
			buildActionMask = 2147483647;
			files = (
				37ADB14C24F197F900D2FE21 /* LaunchScreen.storyboard in Resources */,
				3796F8AA24F2B61B005DB588 /* GoogleService-Info.plist in Resources */,
				37ADB14924F197F900D2FE21 /* Assets.xcassets in Resources */,
				37ADB14724F197F800D2FE21 /* Main.storyboard in Resources */,
			);
			runOnlyForDeploymentPostprocessing = 0;
		};
/* End PBXResourcesBuildPhase section */

/* Begin PBXShellScriptBuildPhase section */
		A22B502FDEFF5617ED113972 /* [CP] Embed Pods Frameworks */ = {
			isa = PBXShellScriptBuildPhase;
			buildActionMask = 2147483647;
			files = (
			);
			inputFileListPaths = (
				"${PODS_ROOT}/Target Support Files/Pods-Messenger/Pods-Messenger-frameworks-${CONFIGURATION}-input-files.xcfilelist",
			);
			name = "[CP] Embed Pods Frameworks";
			outputFileListPaths = (
				"${PODS_ROOT}/Target Support Files/Pods-Messenger/Pods-Messenger-frameworks-${CONFIGURATION}-output-files.xcfilelist",
			);
			runOnlyForDeploymentPostprocessing = 0;
			shellPath = /bin/sh;
			shellScript = "\"${PODS_ROOT}/Target Support Files/Pods-Messenger/Pods-Messenger-frameworks.sh\"\n";
			showEnvVarsInLog = 0;
		};
		AE2D6927DDD35519C0385C59 /* [CP] Check Pods Manifest.lock */ = {
			isa = PBXShellScriptBuildPhase;
			buildActionMask = 2147483647;
			files = (
			);
			inputFileListPaths = (
			);
			inputPaths = (
				"${PODS_PODFILE_DIR_PATH}/Podfile.lock",
				"${PODS_ROOT}/Manifest.lock",
			);
			name = "[CP] Check Pods Manifest.lock";
			outputFileListPaths = (
			);
			outputPaths = (
				"$(DERIVED_FILE_DIR)/Pods-Messenger-checkManifestLockResult.txt",
			);
			runOnlyForDeploymentPostprocessing = 0;
			shellPath = /bin/sh;
			shellScript = "diff \"${PODS_PODFILE_DIR_PATH}/Podfile.lock\" \"${PODS_ROOT}/Manifest.lock\" > /dev/null\nif [ $? != 0 ] ; then\n    # print error to STDERR\n    echo \"error: The sandbox is not in sync with the Podfile.lock. Run 'pod install' or update your CocoaPods installation.\" >&2\n    exit 1\nfi\n# This output is used by Xcode 'outputs' to avoid re-running this script phase.\necho \"SUCCESS\" > \"${SCRIPT_OUTPUT_FILE_0}\"\n";
			showEnvVarsInLog = 0;
		};
		B3A7EEBE6CE9FD8CF703961A /* [CP] Copy Pods Resources */ = {
			isa = PBXShellScriptBuildPhase;
			buildActionMask = 2147483647;
			files = (
			);
			inputFileListPaths = (
				"${PODS_ROOT}/Target Support Files/Pods-Messenger/Pods-Messenger-resources-${CONFIGURATION}-input-files.xcfilelist",
			);
			name = "[CP] Copy Pods Resources";
			outputFileListPaths = (
				"${PODS_ROOT}/Target Support Files/Pods-Messenger/Pods-Messenger-resources-${CONFIGURATION}-output-files.xcfilelist",
			);
			runOnlyForDeploymentPostprocessing = 0;
			shellPath = /bin/sh;
			shellScript = "\"${PODS_ROOT}/Target Support Files/Pods-Messenger/Pods-Messenger-resources.sh\"\n";
			showEnvVarsInLog = 0;
		};
/* End PBXShellScriptBuildPhase section */

/* Begin PBXSourcesBuildPhase section */
		37ADB13824F197F700D2FE21 /* Sources */ = {
			isa = PBXSourcesBuildPhase;
			buildActionMask = 2147483647;
			files = (
				370EF1FB24F19B72001D4026 /* LoginViewController.swift in Sources */,
				37ACD64124F312EB00C73FDD /* DatabaseManager.swift in Sources */,
				370EF1FF24F19BB5001D4026 /* PhotoViwerViewController.swift in Sources */,
				370EF20324F19C00001D4026 /* NewConversationViewController.swift in Sources */,
				370EF1FD24F19B87001D4026 /* RegisterViewController.swift in Sources */,
				370EF20124F19BCE001D4026 /* VideoPlayerViewController.swift in Sources */,
				37DF0EF624F1AD260042A692 /* Extensions.swift in Sources */,
				37ADB14424F197F800D2FE21 /* ConversationsController.swift in Sources */,
				370EF20524F19C26001D4026 /* ProfileViewController.swift in Sources */,
				37ADB14024F197F800D2FE21 /* AppDelegate.swift in Sources */,
				3720B9B224F6F885002D4A45 /* ConversationTableViewCell.swift in Sources */,
				37ACD64324F38AB000C73FDD /* ChatViewController.swift in Sources */,
				37ADB14224F197F800D2FE21 /* SceneDelegate.swift in Sources */,
				37ACD64524F3C91C00C73FDD /* StorageManager.swift in Sources */,
			);
			runOnlyForDeploymentPostprocessing = 0;
		};
/* End PBXSourcesBuildPhase section */

/* Begin PBXVariantGroup section */
		37ADB14524F197F800D2FE21 /* Main.storyboard */ = {
			isa = PBXVariantGroup;
			children = (
				37ADB14624F197F800D2FE21 /* Base */,
			);
			name = Main.storyboard;
			sourceTree = "<group>";
		};
		37ADB14A24F197F900D2FE21 /* LaunchScreen.storyboard */ = {
			isa = PBXVariantGroup;
			children = (
				37ADB14B24F197F900D2FE21 /* Base */,
			);
			name = LaunchScreen.storyboard;
			sourceTree = "<group>";
		};
/* End PBXVariantGroup section */

/* Begin XCBuildConfiguration section */
		37ADB14E24F197F900D2FE21 /* Debug */ = {
			isa = XCBuildConfiguration;
			buildSettings = {
				ALWAYS_SEARCH_USER_PATHS = NO;
				CLANG_ANALYZER_NONNULL = YES;
				CLANG_ANALYZER_NUMBER_OBJECT_CONVERSION = YES_AGGRESSIVE;
				CLANG_CXX_LANGUAGE_STANDARD = "gnu++14";
				CLANG_CXX_LIBRARY = "libc++";
				CLANG_ENABLE_MODULES = YES;
				CLANG_ENABLE_OBJC_ARC = YES;
				CLANG_ENABLE_OBJC_WEAK = YES;
				CLANG_WARN_BLOCK_CAPTURE_AUTORELEASING = YES;
				CLANG_WARN_BOOL_CONVERSION = YES;
				CLANG_WARN_COMMA = YES;
				CLANG_WARN_CONSTANT_CONVERSION = YES;
				CLANG_WARN_DEPRECATED_OBJC_IMPLEMENTATIONS = YES;
				CLANG_WARN_DIRECT_OBJC_ISA_USAGE = YES_ERROR;
				CLANG_WARN_DOCUMENTATION_COMMENTS = YES;
				CLANG_WARN_EMPTY_BODY = YES;
				CLANG_WARN_ENUM_CONVERSION = YES;
				CLANG_WARN_INFINITE_RECURSION = YES;
				CLANG_WARN_INT_CONVERSION = YES;
				CLANG_WARN_NON_LITERAL_NULL_CONVERSION = YES;
				CLANG_WARN_OBJC_IMPLICIT_RETAIN_SELF = YES;
				CLANG_WARN_OBJC_LITERAL_CONVERSION = YES;
				CLANG_WARN_OBJC_ROOT_CLASS = YES_ERROR;
				CLANG_WARN_RANGE_LOOP_ANALYSIS = YES;
				CLANG_WARN_STRICT_PROTOTYPES = YES;
				CLANG_WARN_SUSPICIOUS_MOVE = YES;
				CLANG_WARN_UNGUARDED_AVAILABILITY = YES_AGGRESSIVE;
				CLANG_WARN_UNREACHABLE_CODE = YES;
				CLANG_WARN__DUPLICATE_METHOD_MATCH = YES;
				COPY_PHASE_STRIP = NO;
				DEBUG_INFORMATION_FORMAT = dwarf;
				ENABLE_STRICT_OBJC_MSGSEND = YES;
				ENABLE_TESTABILITY = YES;
				GCC_C_LANGUAGE_STANDARD = gnu11;
				GCC_DYNAMIC_NO_PIC = NO;
				GCC_NO_COMMON_BLOCKS = YES;
				GCC_OPTIMIZATION_LEVEL = 0;
				GCC_PREPROCESSOR_DEFINITIONS = (
					"DEBUG=1",
					"$(inherited)",
				);
				GCC_WARN_64_TO_32_BIT_CONVERSION = YES;
				GCC_WARN_ABOUT_RETURN_TYPE = YES_ERROR;
				GCC_WARN_UNDECLARED_SELECTOR = YES;
				GCC_WARN_UNINITIALIZED_AUTOS = YES_AGGRESSIVE;
				GCC_WARN_UNUSED_FUNCTION = YES;
				GCC_WARN_UNUSED_VARIABLE = YES;
				IPHONEOS_DEPLOYMENT_TARGET = 13.6;
				MTL_ENABLE_DEBUG_INFO = INCLUDE_SOURCE;
				MTL_FAST_MATH = YES;
				ONLY_ACTIVE_ARCH = YES;
				SDKROOT = iphoneos;
				SWIFT_ACTIVE_COMPILATION_CONDITIONS = DEBUG;
				SWIFT_OPTIMIZATION_LEVEL = "-Onone";
			};
			name = Debug;
		};
		37ADB14F24F197F900D2FE21 /* Release */ = {
			isa = XCBuildConfiguration;
			buildSettings = {
				ALWAYS_SEARCH_USER_PATHS = NO;
				CLANG_ANALYZER_NONNULL = YES;
				CLANG_ANALYZER_NUMBER_OBJECT_CONVERSION = YES_AGGRESSIVE;
				CLANG_CXX_LANGUAGE_STANDARD = "gnu++14";
				CLANG_CXX_LIBRARY = "libc++";
				CLANG_ENABLE_MODULES = YES;
				CLANG_ENABLE_OBJC_ARC = YES;
				CLANG_ENABLE_OBJC_WEAK = YES;
				CLANG_WARN_BLOCK_CAPTURE_AUTORELEASING = YES;
				CLANG_WARN_BOOL_CONVERSION = YES;
				CLANG_WARN_COMMA = YES;
				CLANG_WARN_CONSTANT_CONVERSION = YES;
				CLANG_WARN_DEPRECATED_OBJC_IMPLEMENTATIONS = YES;
				CLANG_WARN_DIRECT_OBJC_ISA_USAGE = YES_ERROR;
				CLANG_WARN_DOCUMENTATION_COMMENTS = YES;
				CLANG_WARN_EMPTY_BODY = YES;
				CLANG_WARN_ENUM_CONVERSION = YES;
				CLANG_WARN_INFINITE_RECURSION = YES;
				CLANG_WARN_INT_CONVERSION = YES;
				CLANG_WARN_NON_LITERAL_NULL_CONVERSION = YES;
				CLANG_WARN_OBJC_IMPLICIT_RETAIN_SELF = YES;
				CLANG_WARN_OBJC_LITERAL_CONVERSION = YES;
				CLANG_WARN_OBJC_ROOT_CLASS = YES_ERROR;
				CLANG_WARN_RANGE_LOOP_ANALYSIS = YES;
				CLANG_WARN_STRICT_PROTOTYPES = YES;
				CLANG_WARN_SUSPICIOUS_MOVE = YES;
				CLANG_WARN_UNGUARDED_AVAILABILITY = YES_AGGRESSIVE;
				CLANG_WARN_UNREACHABLE_CODE = YES;
				CLANG_WARN__DUPLICATE_METHOD_MATCH = YES;
				COPY_PHASE_STRIP = NO;
				DEBUG_INFORMATION_FORMAT = "dwarf-with-dsym";
				ENABLE_NS_ASSERTIONS = NO;
				ENABLE_STRICT_OBJC_MSGSEND = YES;
				GCC_C_LANGUAGE_STANDARD = gnu11;
				GCC_NO_COMMON_BLOCKS = YES;
				GCC_WARN_64_TO_32_BIT_CONVERSION = YES;
				GCC_WARN_ABOUT_RETURN_TYPE = YES_ERROR;
				GCC_WARN_UNDECLARED_SELECTOR = YES;
				GCC_WARN_UNINITIALIZED_AUTOS = YES_AGGRESSIVE;
				GCC_WARN_UNUSED_FUNCTION = YES;
				GCC_WARN_UNUSED_VARIABLE = YES;
				IPHONEOS_DEPLOYMENT_TARGET = 13.6;
				MTL_ENABLE_DEBUG_INFO = NO;
				MTL_FAST_MATH = YES;
				SDKROOT = iphoneos;
				SWIFT_COMPILATION_MODE = wholemodule;
				SWIFT_OPTIMIZATION_LEVEL = "-O";
				VALIDATE_PRODUCT = YES;
			};
			name = Release;
		};
		37ADB15124F197F900D2FE21 /* Debug */ = {
			isa = XCBuildConfiguration;
			baseConfigurationReference = E658ABFA156AE89DA777F6DD /* Pods-Messenger.debug.xcconfig */;
			buildSettings = {
				ASSETCATALOG_COMPILER_APPICON_NAME = AppIcon;
				CODE_SIGN_STYLE = Automatic;
				DEVELOPMENT_TEAM = 8PF4PD98CF;
				INFOPLIST_FILE = Messenger/Info.plist;
				IPHONEOS_DEPLOYMENT_TARGET = 13.0;
				LD_RUNPATH_SEARCH_PATHS = (
					"$(inherited)",
					"@executable_path/Frameworks",
				);
				PRODUCT_BUNDLE_IDENTIFIER = com.paradabeltran.Messenger;
				PRODUCT_NAME = "$(TARGET_NAME)";
				SWIFT_VERSION = 5.0;
				TARGETED_DEVICE_FAMILY = "1,2";
			};
			name = Debug;
		};
		37ADB15224F197F900D2FE21 /* Release */ = {
			isa = XCBuildConfiguration;
			baseConfigurationReference = FCE6AD07891E5B6317DC8B41 /* Pods-Messenger.release.xcconfig */;
			buildSettings = {
				ASSETCATALOG_COMPILER_APPICON_NAME = AppIcon;
				CODE_SIGN_STYLE = Automatic;
				DEVELOPMENT_TEAM = 8PF4PD98CF;
				INFOPLIST_FILE = Messenger/Info.plist;
				IPHONEOS_DEPLOYMENT_TARGET = 13.0;
				LD_RUNPATH_SEARCH_PATHS = (
					"$(inherited)",
					"@executable_path/Frameworks",
				);
				PRODUCT_BUNDLE_IDENTIFIER = com.paradabeltran.Messenger;
				PRODUCT_NAME = "$(TARGET_NAME)";
				SWIFT_VERSION = 5.0;
				TARGETED_DEVICE_FAMILY = "1,2";
			};
			name = Release;
		};
/* End XCBuildConfiguration section */

/* Begin XCConfigurationList section */
		37ADB13724F197F700D2FE21 /* Build configuration list for PBXProject "Messenger" */ = {
			isa = XCConfigurationList;
			buildConfigurations = (
				37ADB14E24F197F900D2FE21 /* Debug */,
				37ADB14F24F197F900D2FE21 /* Release */,
			);
			defaultConfigurationIsVisible = 0;
			defaultConfigurationName = Release;
		};
		37ADB15024F197F900D2FE21 /* Build configuration list for PBXNativeTarget "Messenger" */ = {
			isa = XCConfigurationList;
			buildConfigurations = (
				37ADB15124F197F900D2FE21 /* Debug */,
				37ADB15224F197F900D2FE21 /* Release */,
			);
			defaultConfigurationIsVisible = 0;
			defaultConfigurationName = Release;
		};
/* End XCConfigurationList section */
	};
	rootObject = 37ADB13424F197F700D2FE21 /* Project object */;
}
